
Microsoft Visual Studio Solution File, Format Version 12.00
# Visual Studio Version 17
VisualStudioVersion = 17.12.35209.166
MinimumVisualStudioVersion = 10.0.40219.1
Project("{FAE04EC0-301F-11D3-BF4B-00C04F79EFBC}") = "01-Değişkenler", "01-Değişkenler\01-Değişkenler.csproj", "{72D03186-7D56-46ED-8979-65B920A54E0B}"
EndProject
Project("{FAE04EC0-301F-11D3-BF4B-00C04F79EFBC}") = "02operatorler", "02operatorler\02operatorler.csproj", "{C7BBF81C-CB74-469F-A151-4AF4CC3782F9}"
EndProject
Project("{FAE04EC0-301F-11D3-BF4B-00C04F79EFBC}") = "TipDönüşümleri", "TipDönüşümleri\TipDönüşümleri.csproj", "{4D9AEABF-50B9-4DDE-9AE7-C5E6079536E4}"
EndProject
Project("{FAE04EC0-301F-11D3-BF4B-00C04F79EFBC}") = "KararYapılarıLAB", "KararYapılarıLAB\KararYapılarıLAB.csproj", "{E0632E6C-DE37-4AAE-BFF7-2366BD64D459}"
EndProject
Project("{FAE04EC0-301F-11D3-BF4B-00C04F79EFBC}") = "sınav", "sınav\sınav.csproj", "{8504D2A9-860B-4A82-8594-D4559732B097}"
EndProject
Project("{FAE04EC0-301F-11D3-BF4B-00C04F79EFBC}") = "09-HataYönetimi", "09-HataYönetimi\09-HataYönetimi.csproj", "{71BD5D8A-9C53-4174-A691-0F14BC5EFA19}"
EndProject
Project("{FAE04EC0-301F-11D3-BF4B-00C04F79EFBC}") = "10-ForDöngüsü", "10-ForDöngüsü\10-ForDöngüsü.csproj", "{E5832843-7C86-48D5-B589-AC4B64708166}"
EndProject
Project("{FAE04EC0-301F-11D3-BF4B-00C04F79EFBC}") = "00-Etüt", "00-Etüt\00-Etüt.csproj", "{12F6207B-A705-4A55-90AF-0C7494933752}"
EndProject
Project("{FAE04EC0-301F-11D3-BF4B-00C04F79EFBC}") = "WhileDöngüsü", "WhileDöngüsü\WhileDöngüsü.csproj", "{A68C2570-8A9A-48AE-9CAB-78DFB182E8D2}"
EndProject
Project("{FAE04EC0-301F-11D3-BF4B-00C04F79EFBC}") = "DoWhile", "DoWhile\DoWhile.csproj", "{365FC9F4-DFAB-4179-A30E-1E187B305CC2}"
EndProject
Project("{FAE04EC0-301F-11D3-BF4B-00C04F79EFBC}") = "13-HesapMakinesi2", "13-HesapMakinesi2\13-HesapMakinesi2.csproj", "{5F96B966-68ED-4AB5-A686-517F1311FB11}"
EndProject
Project("{FAE04EC0-301F-11D3-BF4B-00C04F79EFBC}") = "15-StringMetodlar", "15-StringMetodlar\15-StringMetodlar.csproj", "{8948A0B3-89B9-42B4-8195-857502FBC7A1}"
EndProject
Project("{FAE04EC0-301F-11D3-BF4B-00C04F79EFBC}") = "15-DöngüKeywordleri", "15-DöngüKeywordleri\15-DöngüKeywordleri.csproj", "{7E3BF1E1-E959-4DD1-91F3-DA9A9F5FA788}"
EndProject
Project("{FAE04EC0-301F-11D3-BF4B-00C04F79EFBC}") = "16-MathKutuphanesı", "16-MathKutuphanesı\16-MathKutuphanesı.csproj", "{A4C4A9D4-0A11-4263-B32F-26F60BB25BBB}"
EndProject
Project("{FAE04EC0-301F-11D3-BF4B-00C04F79EFBC}") = "17-DateTimeKütüphanesi", "17-DateTimeKütüphanesi\17-DateTimeKütüphanesi.csproj", "{2DD2BEFE-86F5-42B2-B791-09CD2AAC5A9A}"
EndProject
Project("{FAE04EC0-301F-11D3-BF4B-00C04F79EFBC}") = "00AlgoritmaOdevSoruları", "00AlgoritmaOdevSoruları\00AlgoritmaOdevSoruları.csproj", "{9A323B79-097B-43EE-BCF7-33F861234E5B}"
EndProject
Project("{FAE04EC0-301F-11D3-BF4B-00C04F79EFBC}") = "18-Diziler", "18-Diziler\18-Diziler.csproj", "{303A447E-457C-45E1-9E99-B3A8ECA00EBF}"
EndProject
Project("{FAE04EC0-301F-11D3-BF4B-00C04F79EFBC}") = "DiziLAB", "DiziLAB\DiziLAB.csproj", "{A08AA2E7-59FB-4AB8-82B1-69F8B8E46B58}"
EndProject
Global
	GlobalSection(SolutionConfigurationPlatforms) = preSolution
		Debug|Any CPU = Debug|Any CPU
		Release|Any CPU = Release|Any CPU
	EndGlobalSection
	GlobalSection(ProjectConfigurationPlatforms) = postSolution
		{72D03186-7D56-46ED-8979-65B920A54E0B}.Debug|Any CPU.ActiveCfg = Debug|Any CPU
		{72D03186-7D56-46ED-8979-65B920A54E0B}.Debug|Any CPU.Build.0 = Debug|Any CPU
		{72D03186-7D56-46ED-8979-65B920A54E0B}.Release|Any CPU.ActiveCfg = Release|Any CPU
		{72D03186-7D56-46ED-8979-65B920A54E0B}.Release|Any CPU.Build.0 = Release|Any CPU
		{C7BBF81C-CB74-469F-A151-4AF4CC3782F9}.Debug|Any CPU.ActiveCfg = Debug|Any CPU
		{C7BBF81C-CB74-469F-A151-4AF4CC3782F9}.Debug|Any CPU.Build.0 = Debug|Any CPU
		{C7BBF81C-CB74-469F-A151-4AF4CC3782F9}.Release|Any CPU.ActiveCfg = Release|Any CPU
		{C7BBF81C-CB74-469F-A151-4AF4CC3782F9}.Release|Any CPU.Build.0 = Release|Any CPU
		{4D9AEABF-50B9-4DDE-9AE7-C5E6079536E4}.Debug|Any CPU.ActiveCfg = Debug|Any CPU
		{4D9AEABF-50B9-4DDE-9AE7-C5E6079536E4}.Debug|Any CPU.Build.0 = Debug|Any CPU
		{4D9AEABF-50B9-4DDE-9AE7-C5E6079536E4}.Release|Any CPU.ActiveCfg = Release|Any CPU
		{4D9AEABF-50B9-4DDE-9AE7-C5E6079536E4}.Release|Any CPU.Build.0 = Release|Any CPU
		{E0632E6C-DE37-4AAE-BFF7-2366BD64D459}.Debug|Any CPU.ActiveCfg = Debug|Any CPU
		{E0632E6C-DE37-4AAE-BFF7-2366BD64D459}.Debug|Any CPU.Build.0 = Debug|Any CPU
		{E0632E6C-DE37-4AAE-BFF7-2366BD64D459}.Release|Any CPU.ActiveCfg = Release|Any CPU
		{E0632E6C-DE37-4AAE-BFF7-2366BD64D459}.Release|Any CPU.Build.0 = Release|Any CPU
		{8504D2A9-860B-4A82-8594-D4559732B097}.Debug|Any CPU.ActiveCfg = Debug|Any CPU
		{8504D2A9-860B-4A82-8594-D4559732B097}.Debug|Any CPU.Build.0 = Debug|Any CPU
		{8504D2A9-860B-4A82-8594-D4559732B097}.Release|Any CPU.ActiveCfg = Release|Any CPU
		{8504D2A9-860B-4A82-8594-D4559732B097}.Release|Any CPU.Build.0 = Release|Any CPU
		{71BD5D8A-9C53-4174-A691-0F14BC5EFA19}.Debug|Any CPU.ActiveCfg = Debug|Any CPU
		{71BD5D8A-9C53-4174-A691-0F14BC5EFA19}.Debug|Any CPU.Build.0 = Debug|Any CPU
		{71BD5D8A-9C53-4174-A691-0F14BC5EFA19}.Release|Any CPU.ActiveCfg = Release|Any CPU
		{71BD5D8A-9C53-4174-A691-0F14BC5EFA19}.Release|Any CPU.Build.0 = Release|Any CPU
		{E5832843-7C86-48D5-B589-AC4B64708166}.Debug|Any CPU.ActiveCfg = Debug|Any CPU
		{E5832843-7C86-48D5-B589-AC4B64708166}.Debug|Any CPU.Build.0 = Debug|Any CPU
		{E5832843-7C86-48D5-B589-AC4B64708166}.Release|Any CPU.ActiveCfg = Release|Any CPU
		{E5832843-7C86-48D5-B589-AC4B64708166}.Release|Any CPU.Build.0 = Release|Any CPU
		{12F6207B-A705-4A55-90AF-0C7494933752}.Debug|Any CPU.ActiveCfg = Debug|Any CPU
		{12F6207B-A705-4A55-90AF-0C7494933752}.Debug|Any CPU.Build.0 = Debug|Any CPU
		{12F6207B-A705-4A55-90AF-0C7494933752}.Release|Any CPU.ActiveCfg = Release|Any CPU
		{12F6207B-A705-4A55-90AF-0C7494933752}.Release|Any CPU.Build.0 = Release|Any CPU
		{A68C2570-8A9A-48AE-9CAB-78DFB182E8D2}.Debug|Any CPU.ActiveCfg = Debug|Any CPU
		{A68C2570-8A9A-48AE-9CAB-78DFB182E8D2}.Debug|Any CPU.Build.0 = Debug|Any CPU
		{A68C2570-8A9A-48AE-9CAB-78DFB182E8D2}.Release|Any CPU.ActiveCfg = Release|Any CPU
		{A68C2570-8A9A-48AE-9CAB-78DFB182E8D2}.Release|Any CPU.Build.0 = Release|Any CPU
		{365FC9F4-DFAB-4179-A30E-1E187B305CC2}.Debug|Any CPU.ActiveCfg = Debug|Any CPU
		{365FC9F4-DFAB-4179-A30E-1E187B305CC2}.Debug|Any CPU.Build.0 = Debug|Any CPU
		{365FC9F4-DFAB-4179-A30E-1E187B305CC2}.Release|Any CPU.ActiveCfg = Release|Any CPU
		{365FC9F4-DFAB-4179-A30E-1E187B305CC2}.Release|Any CPU.Build.0 = Release|Any CPU
		{5F96B966-68ED-4AB5-A686-517F1311FB11}.Debug|Any CPU.ActiveCfg = Debug|Any CPU
		{5F96B966-68ED-4AB5-A686-517F1311FB11}.Debug|Any CPU.Build.0 = Debug|Any CPU
		{5F96B966-68ED-4AB5-A686-517F1311FB11}.Release|Any CPU.ActiveCfg = Release|Any CPU
		{5F96B966-68ED-4AB5-A686-517F1311FB11}.Release|Any CPU.Build.0 = Release|Any CPU
		{8948A0B3-89B9-42B4-8195-857502FBC7A1}.Debug|Any CPU.ActiveCfg = Debug|Any CPU
		{8948A0B3-89B9-42B4-8195-857502FBC7A1}.Debug|Any CPU.Build.0 = Debug|Any CPU
		{8948A0B3-89B9-42B4-8195-857502FBC7A1}.Release|Any CPU.ActiveCfg = Release|Any CPU
		{8948A0B3-89B9-42B4-8195-857502FBC7A1}.Release|Any CPU.Build.0 = Release|Any CPU
		{7E3BF1E1-E959-4DD1-91F3-DA9A9F5FA788}.Debug|Any CPU.ActiveCfg = Debug|Any CPU
		{7E3BF1E1-E959-4DD1-91F3-DA9A9F5FA788}.Debug|Any CPU.Build.0 = Debug|Any CPU
		{7E3BF1E1-E959-4DD1-91F3-DA9A9F5FA788}.Release|Any CPU.ActiveCfg = Release|Any CPU
		{7E3BF1E1-E959-4DD1-91F3-DA9A9F5FA788}.Release|Any CPU.Build.0 = Release|Any CPU
		{A4C4A9D4-0A11-4263-B32F-26F60BB25BBB}.Debug|Any CPU.ActiveCfg = Debug|Any CPU
		{A4C4A9D4-0A11-4263-B32F-26F60BB25BBB}.Debug|Any CPU.Build.0 = Debug|Any CPU
		{A4C4A9D4-0A11-4263-B32F-26F60BB25BBB}.Release|Any CPU.ActiveCfg = Release|Any CPU
		{A4C4A9D4-0A11-4263-B32F-26F60BB25BBB}.Release|Any CPU.Build.0 = Release|Any CPU
		{2DD2BEFE-86F5-42B2-B791-09CD2AAC5A9A}.Debug|Any CPU.ActiveCfg = Debug|Any CPU
		{2DD2BEFE-86F5-42B2-B791-09CD2AAC5A9A}.Debug|Any CPU.Build.0 = Debug|Any CPU
		{2DD2BEFE-86F5-42B2-B791-09CD2AAC5A9A}.Release|Any CPU.ActiveCfg = Release|Any CPU
		{2DD2BEFE-86F5-42B2-B791-09CD2AAC5A9A}.Release|Any CPU.Build.0 = Release|Any CPU
		{9A323B79-097B-43EE-BCF7-33F861234E5B}.Debug|Any CPU.ActiveCfg = Debug|Any CPU
		{9A323B79-097B-43EE-BCF7-33F861234E5B}.Debug|Any CPU.Build.0 = Debug|Any CPU
		{9A323B79-097B-43EE-BCF7-33F861234E5B}.Release|Any CPU.ActiveCfg = Release|Any CPU
		{9A323B79-097B-43EE-BCF7-33F861234E5B}.Release|Any CPU.Build.0 = Release|Any CPU
		{303A447E-457C-45E1-9E99-B3A8ECA00EBF}.Debug|Any CPU.ActiveCfg = Debug|Any CPU
		{303A447E-457C-45E1-9E99-B3A8ECA00EBF}.Debug|Any CPU.Build.0 = Debug|Any CPU
		{303A447E-457C-45E1-9E99-B3A8ECA00EBF}.Release|Any CPU.ActiveCfg = Release|Any CPU
		{303A447E-457C-45E1-9E99-B3A8ECA00EBF}.Release|Any CPU.Build.0 = Release|Any CPU
		{A08AA2E7-59FB-4AB8-82B1-69F8B8E46B58}.Debug|Any CPU.ActiveCfg = Debug|Any CPU
		{A08AA2E7-59FB-4AB8-82B1-69F8B8E46B58}.Debug|Any CPU.Build.0 = Debug|Any CPU
		{A08AA2E7-59FB-4AB8-82B1-69F8B8E46B58}.Release|Any CPU.ActiveCfg = Release|Any CPU
		{A08AA2E7-59FB-4AB8-82B1-69F8B8E46B58}.Release|Any CPU.Build.0 = Release|Any CPU
	EndGlobalSection
	GlobalSection(SolutionProperties) = preSolution
		HideSolutionNode = FALSE
	EndGlobalSection
	GlobalSection(ExtensibilityGlobals) = postSolution
		SolutionGuid = {C87A7D03-9BD2-4E95-86CA-BEB72120617B}
	EndGlobalSection
EndGlobal
